
Microsoft Visual Studio Solution File, Format Version 12.00
# Visual Studio 15
VisualStudioVersion = 15.0.27428.2015
MinimumVisualStudioVersion = 10.0.40219.1
Project("{8BC9CEB8-8B4A-11D0-8D11-00A0C91BC942}") = "geometricFigure", "geometricFigure\geometricFigure.vcxproj", "{FF8AE37A-B0FC-445F-BDA9-4D03A2911C3D}"
EndProject
Project("{8BC9CEB8-8B4A-11D0-8D11-00A0C91BC942}") = "geometricFigureTests", "geometricFigureTests\geometricFigureTests.vcxproj", "{6061E999-C349-453E-875A-988E61A72DB0}"
EndProject
Global
	GlobalSection(SolutionConfigurationPlatforms) = preSolution
		Debug|x64 = Debug|x64
		Debug|x86 = Debug|x86
		Release|x64 = Release|x64
		Release|x86 = Release|x86
	EndGlobalSection
	GlobalSection(ProjectConfigurationPlatforms) = postSolution
		{FF8AE37A-B0FC-445F-BDA9-4D03A2911C3D}.Debug|x64.ActiveCfg = Debug|x64
		{FF8AE37A-B0FC-445F-BDA9-4D03A2911C3D}.Debug|x64.Build.0 = Debug|x64
		{FF8AE37A-B0FC-445F-BDA9-4D03A2911C3D}.Debug|x86.ActiveCfg = Debug|Win32
		{FF8AE37A-B0FC-445F-BDA9-4D03A2911C3D}.Debug|x86.Build.0 = Debug|Win32
		{FF8AE37A-B0FC-445F-BDA9-4D03A2911C3D}.Release|x64.ActiveCfg = Release|x64
		{FF8AE37A-B0FC-445F-BDA9-4D03A2911C3D}.Release|x64.Build.0 = Release|x64
		{FF8AE37A-B0FC-445F-BDA9-4D03A2911C3D}.Release|x86.ActiveCfg = Release|Win32
		{FF8AE37A-B0FC-445F-BDA9-4D03A2911C3D}.Release|x86.Build.0 = Release|Win32
		{6061E999-C349-453E-875A-988E61A72DB0}.Debug|x64.ActiveCfg = Debug|x64
		{6061E999-C349-453E-875A-988E61A72DB0}.Debug|x64.Build.0 = Debug|x64
		{6061E999-C349-453E-875A-988E61A72DB0}.Debug|x86.ActiveCfg = Debug|Win32
		{6061E999-C349-453E-875A-988E61A72DB0}.Debug|x86.Build.0 = Debug|Win32
		{6061E999-C349-453E-875A-988E61A72DB0}.Release|x64.ActiveCfg = Release|x64
		{6061E999-C349-453E-875A-988E61A72DB0}.Release|x64.Build.0 = Release|x64
		{6061E999-C349-453E-875A-988E61A72DB0}.Release|x86.ActiveCfg = Release|Win32
		{6061E999-C349-453E-875A-988E61A72DB0}.Release|x86.Build.0 = Release|Win32
	EndGlobalSection
	GlobalSection(SolutionProperties) = preSolution
		HideSolutionNode = FALSE
	EndGlobalSection
	GlobalSection(ExtensibilityGlobals) = postSolution
		SolutionGuid = {4B8FE066-F40B-4C40-B21C-2EB5723EE788}
	EndGlobalSection
EndGlobal
