
Microsoft Visual Studio Solution File, Format Version 12.00
# Visual Studio 15
VisualStudioVersion = 15.0.27428.2015
MinimumVisualStudioVersion = 10.0.40219.1
Project("{8BC9CEB8-8B4A-11D0-8D11-00A0C91BC942}") = "FindMaxEx", "FindMax\FindMax.vcxproj", "{4D07B06A-15D5-44F9-B7E0-40A234D023C2}"
EndProject
Project("{8BC9CEB8-8B4A-11D0-8D11-00A0C91BC942}") = "FindMaxExTest", "FindMax\FindMaxExTest\FindMaxExTest.vcxproj", "{D88C76C5-7162-4C79-83AE-E30A885F9E90}"
EndProject
Project("{8BC9CEB8-8B4A-11D0-8D11-00A0C91BC942}") = "CMyArray", "CMyArray\CMyArray.vcxproj", "{EABCD261-D291-4DE2-837C-E0F0BA058469}"
EndProject
Project("{8BC9CEB8-8B4A-11D0-8D11-00A0C91BC942}") = "CMyArrayTest", "CMyArray\CMyArrayTest\CMyArrayTest.vcxproj", "{D6AB913E-60C7-4A73-8D5D-5DBD4655D541}"
EndProject
Global
	GlobalSection(SolutionConfigurationPlatforms) = preSolution
		Debug|x64 = Debug|x64
		Debug|x86 = Debug|x86
		Release|x64 = Release|x64
		Release|x86 = Release|x86
	EndGlobalSection
	GlobalSection(ProjectConfigurationPlatforms) = postSolution
		{4D07B06A-15D5-44F9-B7E0-40A234D023C2}.Debug|x64.ActiveCfg = Debug|x64
		{4D07B06A-15D5-44F9-B7E0-40A234D023C2}.Debug|x64.Build.0 = Debug|x64
		{4D07B06A-15D5-44F9-B7E0-40A234D023C2}.Debug|x86.ActiveCfg = Debug|Win32
		{4D07B06A-15D5-44F9-B7E0-40A234D023C2}.Debug|x86.Build.0 = Debug|Win32
		{4D07B06A-15D5-44F9-B7E0-40A234D023C2}.Release|x64.ActiveCfg = Release|x64
		{4D07B06A-15D5-44F9-B7E0-40A234D023C2}.Release|x64.Build.0 = Release|x64
		{4D07B06A-15D5-44F9-B7E0-40A234D023C2}.Release|x86.ActiveCfg = Release|Win32
		{4D07B06A-15D5-44F9-B7E0-40A234D023C2}.Release|x86.Build.0 = Release|Win32
		{D88C76C5-7162-4C79-83AE-E30A885F9E90}.Debug|x64.ActiveCfg = Debug|x64
		{D88C76C5-7162-4C79-83AE-E30A885F9E90}.Debug|x64.Build.0 = Debug|x64
		{D88C76C5-7162-4C79-83AE-E30A885F9E90}.Debug|x86.ActiveCfg = Debug|Win32
		{D88C76C5-7162-4C79-83AE-E30A885F9E90}.Debug|x86.Build.0 = Debug|Win32
		{D88C76C5-7162-4C79-83AE-E30A885F9E90}.Release|x64.ActiveCfg = Release|x64
		{D88C76C5-7162-4C79-83AE-E30A885F9E90}.Release|x64.Build.0 = Release|x64
		{D88C76C5-7162-4C79-83AE-E30A885F9E90}.Release|x86.ActiveCfg = Release|Win32
		{D88C76C5-7162-4C79-83AE-E30A885F9E90}.Release|x86.Build.0 = Release|Win32
		{EABCD261-D291-4DE2-837C-E0F0BA058469}.Debug|x64.ActiveCfg = Debug|x64
		{EABCD261-D291-4DE2-837C-E0F0BA058469}.Debug|x64.Build.0 = Debug|x64
		{EABCD261-D291-4DE2-837C-E0F0BA058469}.Debug|x86.ActiveCfg = Debug|Win32
		{EABCD261-D291-4DE2-837C-E0F0BA058469}.Debug|x86.Build.0 = Debug|Win32
		{EABCD261-D291-4DE2-837C-E0F0BA058469}.Release|x64.ActiveCfg = Release|x64
		{EABCD261-D291-4DE2-837C-E0F0BA058469}.Release|x64.Build.0 = Release|x64
		{EABCD261-D291-4DE2-837C-E0F0BA058469}.Release|x86.ActiveCfg = Release|Win32
		{EABCD261-D291-4DE2-837C-E0F0BA058469}.Release|x86.Build.0 = Release|Win32
		{D6AB913E-60C7-4A73-8D5D-5DBD4655D541}.Debug|x64.ActiveCfg = Debug|x64
		{D6AB913E-60C7-4A73-8D5D-5DBD4655D541}.Debug|x64.Build.0 = Debug|x64
		{D6AB913E-60C7-4A73-8D5D-5DBD4655D541}.Debug|x86.ActiveCfg = Debug|Win32
		{D6AB913E-60C7-4A73-8D5D-5DBD4655D541}.Debug|x86.Build.0 = Debug|Win32
		{D6AB913E-60C7-4A73-8D5D-5DBD4655D541}.Release|x64.ActiveCfg = Release|x64
		{D6AB913E-60C7-4A73-8D5D-5DBD4655D541}.Release|x64.Build.0 = Release|x64
		{D6AB913E-60C7-4A73-8D5D-5DBD4655D541}.Release|x86.ActiveCfg = Release|Win32
		{D6AB913E-60C7-4A73-8D5D-5DBD4655D541}.Release|x86.Build.0 = Release|Win32
	EndGlobalSection
	GlobalSection(SolutionProperties) = preSolution
		HideSolutionNode = FALSE
	EndGlobalSection
	GlobalSection(ExtensibilityGlobals) = postSolution
		SolutionGuid = {86CBA2FB-32A9-441C-AC3C-64FCBE8028D9}
	EndGlobalSection
EndGlobal
