
Microsoft Visual Studio Solution File, Format Version 12.00
# Visual Studio 15
VisualStudioVersion = 15.0.27428.2015
MinimumVisualStudioVersion = 10.0.40219.1
Project("{8BC9CEB8-8B4A-11D0-8D11-00A0C91BC942}") = "task1", "task1\task1.vcxproj", "{C1398D4A-6846-4B60-AAE9-8839A35F25BE}"
EndProject
Project("{8BC9CEB8-8B4A-11D0-8D11-00A0C91BC942}") = "task2", "task2\task2.vcxproj", "{645749EC-F046-49D5-84E1-EC73E89370D3}"
EndProject
Project("{8BC9CEB8-8B4A-11D0-8D11-00A0C91BC942}") = "task5", "task5\task5.vcxproj", "{C7B15077-A429-487E-BD10-942FCB5983EF}"
EndProject
Global
	GlobalSection(SolutionConfigurationPlatforms) = preSolution
		Debug|x64 = Debug|x64
		Debug|x86 = Debug|x86
		Release|x64 = Release|x64
		Release|x86 = Release|x86
	EndGlobalSection
	GlobalSection(ProjectConfigurationPlatforms) = postSolution
		{C1398D4A-6846-4B60-AAE9-8839A35F25BE}.Debug|x64.ActiveCfg = Debug|x64
		{C1398D4A-6846-4B60-AAE9-8839A35F25BE}.Debug|x64.Build.0 = Debug|x64
		{C1398D4A-6846-4B60-AAE9-8839A35F25BE}.Debug|x86.ActiveCfg = Debug|Win32
		{C1398D4A-6846-4B60-AAE9-8839A35F25BE}.Debug|x86.Build.0 = Debug|Win32
		{C1398D4A-6846-4B60-AAE9-8839A35F25BE}.Release|x64.ActiveCfg = Release|x64
		{C1398D4A-6846-4B60-AAE9-8839A35F25BE}.Release|x64.Build.0 = Release|x64
		{C1398D4A-6846-4B60-AAE9-8839A35F25BE}.Release|x86.ActiveCfg = Release|Win32
		{C1398D4A-6846-4B60-AAE9-8839A35F25BE}.Release|x86.Build.0 = Release|Win32
		{645749EC-F046-49D5-84E1-EC73E89370D3}.Debug|x64.ActiveCfg = Debug|x64
		{645749EC-F046-49D5-84E1-EC73E89370D3}.Debug|x64.Build.0 = Debug|x64
		{645749EC-F046-49D5-84E1-EC73E89370D3}.Debug|x86.ActiveCfg = Debug|Win32
		{645749EC-F046-49D5-84E1-EC73E89370D3}.Debug|x86.Build.0 = Debug|Win32
		{645749EC-F046-49D5-84E1-EC73E89370D3}.Release|x64.ActiveCfg = Release|x64
		{645749EC-F046-49D5-84E1-EC73E89370D3}.Release|x64.Build.0 = Release|x64
		{645749EC-F046-49D5-84E1-EC73E89370D3}.Release|x86.ActiveCfg = Release|Win32
		{645749EC-F046-49D5-84E1-EC73E89370D3}.Release|x86.Build.0 = Release|Win32
		{C7B15077-A429-487E-BD10-942FCB5983EF}.Debug|x64.ActiveCfg = Debug|x64
		{C7B15077-A429-487E-BD10-942FCB5983EF}.Debug|x64.Build.0 = Debug|x64
		{C7B15077-A429-487E-BD10-942FCB5983EF}.Debug|x86.ActiveCfg = Debug|Win32
		{C7B15077-A429-487E-BD10-942FCB5983EF}.Debug|x86.Build.0 = Debug|Win32
		{C7B15077-A429-487E-BD10-942FCB5983EF}.Release|x64.ActiveCfg = Release|x64
		{C7B15077-A429-487E-BD10-942FCB5983EF}.Release|x64.Build.0 = Release|x64
		{C7B15077-A429-487E-BD10-942FCB5983EF}.Release|x86.ActiveCfg = Release|Win32
		{C7B15077-A429-487E-BD10-942FCB5983EF}.Release|x86.Build.0 = Release|Win32
	EndGlobalSection
	GlobalSection(SolutionProperties) = preSolution
		HideSolutionNode = FALSE
	EndGlobalSection
	GlobalSection(ExtensibilityGlobals) = postSolution
		SolutionGuid = {37C88758-6E10-477B-8F71-88965A92D3C5}
	EndGlobalSection
EndGlobal
