
Microsoft Visual Studio Solution File, Format Version 12.00
# Visual Studio 15
VisualStudioVersion = 15.0.27428.2011
MinimumVisualStudioVersion = 10.0.40219.1
Project("{8BC9CEB8-8B4A-11D0-8D11-00A0C91BC942}") = "car", "car\car.vcxproj", "{EE93CD80-FB9C-4D9A-989C-4AB575366A9D}"
EndProject
Project("{8BC9CEB8-8B4A-11D0-8D11-00A0C91BC942}") = "carTests", "carTests\carTests.vcxproj", "{5E74881A-1DB8-4D99-B621-EBC4C0C6037E}"
EndProject
Project("{8BC9CEB8-8B4A-11D0-8D11-00A0C91BC942}") = "calculator", "calculator\calculator.vcxproj", "{49A1E70E-216C-4B00-B331-F20D0C44430B}"
EndProject
Project("{8BC9CEB8-8B4A-11D0-8D11-00A0C91BC942}") = "tv", "tv\tv.vcxproj", "{1A05F3F4-49B8-4AF8-8E0E-105C12E0A0BD}"
EndProject
Project("{8BC9CEB8-8B4A-11D0-8D11-00A0C91BC942}") = "tvTests", "tvTests\tvTests.vcxproj", "{EED6B6D7-7AB6-4C7A-A7D6-1A18FDC09374}"
EndProject
Project("{8BC9CEB8-8B4A-11D0-8D11-00A0C91BC942}") = "calculatorTests", "calculatorTests\calculatorTests.vcxproj", "{3340DFCB-EF98-4821-9FF5-6FB0033F5002}"
EndProject
Global
	GlobalSection(SolutionConfigurationPlatforms) = preSolution
		Debug|x64 = Debug|x64
		Debug|x86 = Debug|x86
		Release|x64 = Release|x64
		Release|x86 = Release|x86
	EndGlobalSection
	GlobalSection(ProjectConfigurationPlatforms) = postSolution
		{EE93CD80-FB9C-4D9A-989C-4AB575366A9D}.Debug|x64.ActiveCfg = Debug|x64
		{EE93CD80-FB9C-4D9A-989C-4AB575366A9D}.Debug|x64.Build.0 = Debug|x64
		{EE93CD80-FB9C-4D9A-989C-4AB575366A9D}.Debug|x86.ActiveCfg = Debug|Win32
		{EE93CD80-FB9C-4D9A-989C-4AB575366A9D}.Debug|x86.Build.0 = Debug|Win32
		{EE93CD80-FB9C-4D9A-989C-4AB575366A9D}.Release|x64.ActiveCfg = Release|x64
		{EE93CD80-FB9C-4D9A-989C-4AB575366A9D}.Release|x64.Build.0 = Release|x64
		{EE93CD80-FB9C-4D9A-989C-4AB575366A9D}.Release|x86.ActiveCfg = Release|Win32
		{EE93CD80-FB9C-4D9A-989C-4AB575366A9D}.Release|x86.Build.0 = Release|Win32
		{5E74881A-1DB8-4D99-B621-EBC4C0C6037E}.Debug|x64.ActiveCfg = Debug|x64
		{5E74881A-1DB8-4D99-B621-EBC4C0C6037E}.Debug|x64.Build.0 = Debug|x64
		{5E74881A-1DB8-4D99-B621-EBC4C0C6037E}.Debug|x86.ActiveCfg = Debug|Win32
		{5E74881A-1DB8-4D99-B621-EBC4C0C6037E}.Debug|x86.Build.0 = Debug|Win32
		{5E74881A-1DB8-4D99-B621-EBC4C0C6037E}.Release|x64.ActiveCfg = Release|x64
		{5E74881A-1DB8-4D99-B621-EBC4C0C6037E}.Release|x64.Build.0 = Release|x64
		{5E74881A-1DB8-4D99-B621-EBC4C0C6037E}.Release|x86.ActiveCfg = Release|Win32
		{5E74881A-1DB8-4D99-B621-EBC4C0C6037E}.Release|x86.Build.0 = Release|Win32
		{49A1E70E-216C-4B00-B331-F20D0C44430B}.Debug|x64.ActiveCfg = Debug|x64
		{49A1E70E-216C-4B00-B331-F20D0C44430B}.Debug|x64.Build.0 = Debug|x64
		{49A1E70E-216C-4B00-B331-F20D0C44430B}.Debug|x86.ActiveCfg = Debug|Win32
		{49A1E70E-216C-4B00-B331-F20D0C44430B}.Debug|x86.Build.0 = Debug|Win32
		{49A1E70E-216C-4B00-B331-F20D0C44430B}.Release|x64.ActiveCfg = Release|x64
		{49A1E70E-216C-4B00-B331-F20D0C44430B}.Release|x64.Build.0 = Release|x64
		{49A1E70E-216C-4B00-B331-F20D0C44430B}.Release|x86.ActiveCfg = Release|Win32
		{49A1E70E-216C-4B00-B331-F20D0C44430B}.Release|x86.Build.0 = Release|Win32
		{1A05F3F4-49B8-4AF8-8E0E-105C12E0A0BD}.Debug|x64.ActiveCfg = Debug|x64
		{1A05F3F4-49B8-4AF8-8E0E-105C12E0A0BD}.Debug|x64.Build.0 = Debug|x64
		{1A05F3F4-49B8-4AF8-8E0E-105C12E0A0BD}.Debug|x86.ActiveCfg = Debug|Win32
		{1A05F3F4-49B8-4AF8-8E0E-105C12E0A0BD}.Debug|x86.Build.0 = Debug|Win32
		{1A05F3F4-49B8-4AF8-8E0E-105C12E0A0BD}.Release|x64.ActiveCfg = Release|x64
		{1A05F3F4-49B8-4AF8-8E0E-105C12E0A0BD}.Release|x64.Build.0 = Release|x64
		{1A05F3F4-49B8-4AF8-8E0E-105C12E0A0BD}.Release|x86.ActiveCfg = Release|Win32
		{1A05F3F4-49B8-4AF8-8E0E-105C12E0A0BD}.Release|x86.Build.0 = Release|Win32
		{EED6B6D7-7AB6-4C7A-A7D6-1A18FDC09374}.Debug|x64.ActiveCfg = Debug|x64
		{EED6B6D7-7AB6-4C7A-A7D6-1A18FDC09374}.Debug|x64.Build.0 = Debug|x64
		{EED6B6D7-7AB6-4C7A-A7D6-1A18FDC09374}.Debug|x86.ActiveCfg = Debug|Win32
		{EED6B6D7-7AB6-4C7A-A7D6-1A18FDC09374}.Debug|x86.Build.0 = Debug|Win32
		{EED6B6D7-7AB6-4C7A-A7D6-1A18FDC09374}.Release|x64.ActiveCfg = Release|x64
		{EED6B6D7-7AB6-4C7A-A7D6-1A18FDC09374}.Release|x64.Build.0 = Release|x64
		{EED6B6D7-7AB6-4C7A-A7D6-1A18FDC09374}.Release|x86.ActiveCfg = Release|Win32
		{EED6B6D7-7AB6-4C7A-A7D6-1A18FDC09374}.Release|x86.Build.0 = Release|Win32
		{40764013-B787-4DAC-B93B-7D8350F06B47}.Debug|x64.ActiveCfg = Debug|x64
		{40764013-B787-4DAC-B93B-7D8350F06B47}.Debug|x64.Build.0 = Debug|x64
		{40764013-B787-4DAC-B93B-7D8350F06B47}.Debug|x86.ActiveCfg = Debug|Win32
		{40764013-B787-4DAC-B93B-7D8350F06B47}.Debug|x86.Build.0 = Debug|Win32
		{40764013-B787-4DAC-B93B-7D8350F06B47}.Release|x64.ActiveCfg = Release|x64
		{40764013-B787-4DAC-B93B-7D8350F06B47}.Release|x64.Build.0 = Release|x64
		{40764013-B787-4DAC-B93B-7D8350F06B47}.Release|x86.ActiveCfg = Release|Win32
		{40764013-B787-4DAC-B93B-7D8350F06B47}.Release|x86.Build.0 = Release|Win32
		{DB7AF133-356C-46FB-B51C-E7CF2532E018}.Debug|x64.ActiveCfg = Debug|x64
		{DB7AF133-356C-46FB-B51C-E7CF2532E018}.Debug|x64.Build.0 = Debug|x64
		{DB7AF133-356C-46FB-B51C-E7CF2532E018}.Debug|x86.ActiveCfg = Debug|Win32
		{DB7AF133-356C-46FB-B51C-E7CF2532E018}.Debug|x86.Build.0 = Debug|Win32
		{DB7AF133-356C-46FB-B51C-E7CF2532E018}.Release|x64.ActiveCfg = Release|x64
		{DB7AF133-356C-46FB-B51C-E7CF2532E018}.Release|x64.Build.0 = Release|x64
		{DB7AF133-356C-46FB-B51C-E7CF2532E018}.Release|x86.ActiveCfg = Release|Win32
		{DB7AF133-356C-46FB-B51C-E7CF2532E018}.Release|x86.Build.0 = Release|Win32
		{3340DFCB-EF98-4821-9FF5-6FB0033F5002}.Debug|x64.ActiveCfg = Debug|x64
		{3340DFCB-EF98-4821-9FF5-6FB0033F5002}.Debug|x64.Build.0 = Debug|x64
		{3340DFCB-EF98-4821-9FF5-6FB0033F5002}.Debug|x86.ActiveCfg = Debug|Win32
		{3340DFCB-EF98-4821-9FF5-6FB0033F5002}.Debug|x86.Build.0 = Debug|Win32
		{3340DFCB-EF98-4821-9FF5-6FB0033F5002}.Release|x64.ActiveCfg = Release|x64
		{3340DFCB-EF98-4821-9FF5-6FB0033F5002}.Release|x64.Build.0 = Release|x64
		{3340DFCB-EF98-4821-9FF5-6FB0033F5002}.Release|x86.ActiveCfg = Release|Win32
		{3340DFCB-EF98-4821-9FF5-6FB0033F5002}.Release|x86.Build.0 = Release|Win32
	EndGlobalSection
	GlobalSection(SolutionProperties) = preSolution
		HideSolutionNode = FALSE
	EndGlobalSection
	GlobalSection(ExtensibilityGlobals) = postSolution
		SolutionGuid = {029C0A06-94C9-4FB9-9C17-F264C1AB166B}
	EndGlobalSection
EndGlobal
